
Microsoft Visual Studio Solution File, Format Version 12.00
Project("{FAE04EC0-301F-11D3-BF4B-00C04F79EFBC}") = "ServerLauncher", "ServerLauncher\ServerLauncher.csproj", "{B39B5128-D48F-4837-A7FB-80D116E702CD}"
EndProject
Global
	GlobalSection(SolutionConfigurationPlatforms) = preSolution
		Debug|Any CPU = Debug|Any CPU
		Release|Any CPU = Release|Any CPU
	EndGlobalSection
	GlobalSection(ProjectConfigurationPlatforms) = postSolution
		{B39B5128-D48F-4837-A7FB-80D116E702CD}.Debug|Any CPU.ActiveCfg = Debug|Any CPU
		{B39B5128-D48F-4837-A7FB-80D116E702CD}.Debug|Any CPU.Build.0 = Debug|Any CPU
		{B39B5128-D48F-4837-A7FB-80D116E702CD}.Release|Any CPU.ActiveCfg = Release|Any CPU
		{B39B5128-D48F-4837-A7FB-80D116E702CD}.Release|Any CPU.Build.0 = Release|Any CPU
	EndGlobalSection
EndGlobal
